
Microsoft Visual Studio Solution File, Format Version 12.00
# Visual Studio 15
VisualStudioVersion = 15.0.26403.3
MinimumVisualStudioVersion = 10.0.40219.1
Project("{FAE04EC0-301F-11D3-BF4B-00C04F79EFBC}") = "Vote", "Vote\Vote.csproj", "{AA0A8CA4-65EE-4815-A288-0D4A5C811AC8}"
EndProject
Project("{FAE04EC0-301F-11D3-BF4B-00C04F79EFBC}") = "Vote.DAO", "Vote.DAO\Vote.DAO.csproj", "{F5B0D848-1EDE-415B-9464-698CC755821C}"
EndProject
Project("{FAE04EC0-301F-11D3-BF4B-00C04F79EFBC}") = "Vote.Specs", "Vote.Specs\Vote.Specs.csproj", "{4593B92D-038A-4E1D-A245-38883196C576}"
EndProject
Project("{FAE04EC0-301F-11D3-BF4B-00C04F79EFBC}") = "Vote.Roles", "Vote.Roles\Vote.Roles.csproj", "{096A53C1-3B94-44F8-8A4F-0E18B346E108}"
EndProject
Global
	GlobalSection(SolutionConfigurationPlatforms) = preSolution
		Debug|Any CPU = Debug|Any CPU
		Release|Any CPU = Release|Any CPU
	EndGlobalSection
	GlobalSection(ProjectConfigurationPlatforms) = postSolution
		{AA0A8CA4-65EE-4815-A288-0D4A5C811AC8}.Debug|Any CPU.ActiveCfg = Debug|Any CPU
		{AA0A8CA4-65EE-4815-A288-0D4A5C811AC8}.Debug|Any CPU.Build.0 = Debug|Any CPU
		{AA0A8CA4-65EE-4815-A288-0D4A5C811AC8}.Release|Any CPU.ActiveCfg = Release|Any CPU
		{AA0A8CA4-65EE-4815-A288-0D4A5C811AC8}.Release|Any CPU.Build.0 = Release|Any CPU
		{F5B0D848-1EDE-415B-9464-698CC755821C}.Debug|Any CPU.ActiveCfg = Debug|Any CPU
		{F5B0D848-1EDE-415B-9464-698CC755821C}.Debug|Any CPU.Build.0 = Debug|Any CPU
		{F5B0D848-1EDE-415B-9464-698CC755821C}.Release|Any CPU.ActiveCfg = Release|Any CPU
		{F5B0D848-1EDE-415B-9464-698CC755821C}.Release|Any CPU.Build.0 = Release|Any CPU
		{4593B92D-038A-4E1D-A245-38883196C576}.Debug|Any CPU.ActiveCfg = Debug|Any CPU
		{4593B92D-038A-4E1D-A245-38883196C576}.Debug|Any CPU.Build.0 = Debug|Any CPU
		{4593B92D-038A-4E1D-A245-38883196C576}.Release|Any CPU.ActiveCfg = Release|Any CPU
		{4593B92D-038A-4E1D-A245-38883196C576}.Release|Any CPU.Build.0 = Release|Any CPU
		{096A53C1-3B94-44F8-8A4F-0E18B346E108}.Debug|Any CPU.ActiveCfg = Debug|Any CPU
		{096A53C1-3B94-44F8-8A4F-0E18B346E108}.Debug|Any CPU.Build.0 = Debug|Any CPU
		{096A53C1-3B94-44F8-8A4F-0E18B346E108}.Release|Any CPU.ActiveCfg = Release|Any CPU
		{096A53C1-3B94-44F8-8A4F-0E18B346E108}.Release|Any CPU.Build.0 = Release|Any CPU
	EndGlobalSection
	GlobalSection(SolutionProperties) = preSolution
		HideSolutionNode = FALSE
	EndGlobalSection
EndGlobal
